
Microsoft Visual Studio Solution File, Format Version 12.00
# Visual Studio 2012
Project("{2150E333-8FDC-42A3-9474-1A3956D46DE8}") = "Core", "Core", "{60EBF5F2-8FB9-4DDC-B2B8-1182B8F0B36B}"
EndProject
Project("{FAE04EC0-301F-11D3-BF4B-00C04F79EFBC}") = "Shane.Church.WhatIEat.Core", "Shane.Church.WhatIEat.Core\Shane.Church.WhatIEat.Core.csproj", "{48CE040C-6715-4630-891F-84F47BD96CA4}"
EndProject
Project("{FAE04EC0-301F-11D3-BF4B-00C04F79EFBC}") = "Shane.Church.Utility.Core", "Shane.Church.Utility.Core\Shane.Church.Utility.Core.csproj", "{A28A5353-AFBB-4F9E-A1AA-1C9B49523028}"
EndProject
Project("{2150E333-8FDC-42A3-9474-1A3956D46DE8}") = "Windows Phone", "Windows Phone", "{A46903F1-8979-4FB5-B89D-76D5DFACFCA4}"
EndProject
Project("{2150E333-8FDC-42A3-9474-1A3956D46DE8}") = "WP7", "WP7", "{30980837-9EE1-4301-A1A1-B4673D4179ED}"
EndProject
Project("{FAE04EC0-301F-11D3-BF4B-00C04F79EFBC}") = "Shane.Church.WhatIEat.WP", "Shane.Church.WhatIEat.WP\Shane.Church.WhatIEat.WP.csproj", "{D2C8145E-8508-40BA-9828-175D5B1EFABE}"
EndProject
Project("{FAE04EC0-301F-11D3-BF4B-00C04F79EFBC}") = "Shane.Church.WhatIEat.Core.WP7", "Shane.Church.WhatIEat.Core.WP7\Shane.Church.WhatIEat.Core.WP7.csproj", "{46BA9DE0-E6BC-4793-8414-49EC2C1C656B}"
EndProject
Project("{FAE04EC0-301F-11D3-BF4B-00C04F79EFBC}") = "Shane.Church.WhatIEat.Core.WP", "Shane.Church.WhatIEat.Core.WP\Shane.Church.WhatIEat.Core.WP.csproj", "{3EE5E38D-6925-4986-A255-E5CBEAEF1F1E}"
EndProject
Project("{FAE04EC0-301F-11D3-BF4B-00C04F79EFBC}") = "Shane.Church.Utility.Core.WP", "Shane.Church.Utility.Core.WP\Shane.Church.Utility.Core.WP.csproj", "{75A3873F-015F-4784-B6A6-8A4484FBE48D}"
EndProject
Project("{2150E333-8FDC-42A3-9474-1A3956D46DE8}") = "WP8", "WP8", "{CE0D3970-12A2-41E8-ABA4-B67C2F5C848F}"
EndProject
Project("{FAE04EC0-301F-11D3-BF4B-00C04F79EFBC}") = "Shane.Church.WhatIEat.WP8", "Shane.Church.WhatIEat.WP8\Shane.Church.WhatIEat.WP8.csproj", "{398C5803-9390-4C89-AD1C-2EA4D1E94482}"
EndProject
Project("{FAE04EC0-301F-11D3-BF4B-00C04F79EFBC}") = "Shane.Church.WhatIEat.Core.WP8", "Shane.Church.WhatIEat.Core.WP8\Shane.Church.WhatIEat.Core.WP8.csproj", "{6FD9D4E2-2279-46A1-B868-D34D3F8FC586}"
EndProject
Project("{2150E333-8FDC-42A3-9474-1A3956D46DE8}") = ".nuget", ".nuget", "{FD7C87B6-E4A5-4431-985A-BFE69057828D}"
	ProjectSection(SolutionItems) = preProject
		.nuget\NuGet.Config = .nuget\NuGet.Config
		.nuget\NuGet.exe = .nuget\NuGet.exe
		.nuget\NuGet.targets = .nuget\NuGet.targets
	EndProjectSection
EndProject
Project("{2150E333-8FDC-42A3-9474-1A3956D46DE8}") = "Windows 8", "Windows 8", "{74D8F651-50AA-41B3-884B-BA9BD0437ED2}"
EndProject
Project("{2150E333-8FDC-42A3-9474-1A3956D46DE8}") = "Azure Mobile Services Scripts", "Azure Mobile Services Scripts", "{EBD8DDA9-BD6C-4BAF-A0CD-3E57F44C29EA}"
	ProjectSection(SolutionItems) = preProject
		AzureEntryDelete.js = AzureEntryDelete.js
		AzureEntryInsert.js = AzureEntryInsert.js
		AzureEntryRead.js = AzureEntryRead.js
		AzureEntryUpdate.js = AzureEntryUpdate.js
		AzureSyncInsert.js = AzureSyncInsert.js
	EndProjectSection
EndProject
Project("{262852C6-CD72-467D-83FE-5EEB1973A190}") = "Shane.Church.WhatIEat.Win8", "Shane.Church.WhatIEat.Win8\Shane.Church.WhatIEat.Win8.jsproj", "{99695E85-72FA-441A-AFD4-C9B9981F77F6}"
EndProject
Global
	GlobalSection(SolutionConfigurationPlatforms) = preSolution
		Debug Personal|Any CPU = Debug Personal|Any CPU
		Debug Personal|ARM = Debug Personal|ARM
		Debug Personal|x64 = Debug Personal|x64
		Debug Personal|x86 = Debug Personal|x86
		Debug|Any CPU = Debug|Any CPU
		Debug|ARM = Debug|ARM
		Debug|x64 = Debug|x64
		Debug|x86 = Debug|x86
		Release Personal|Any CPU = Release Personal|Any CPU
		Release Personal|ARM = Release Personal|ARM
		Release Personal|x64 = Release Personal|x64
		Release Personal|x86 = Release Personal|x86
		Release|Any CPU = Release|Any CPU
		Release|ARM = Release|ARM
		Release|x64 = Release|x64
		Release|x86 = Release|x86
	EndGlobalSection
	GlobalSection(ProjectConfigurationPlatforms) = postSolution
		{48CE040C-6715-4630-891F-84F47BD96CA4}.Debug Personal|Any CPU.ActiveCfg = Debug Personal|Any CPU
		{48CE040C-6715-4630-891F-84F47BD96CA4}.Debug Personal|Any CPU.Build.0 = Debug Personal|Any CPU
		{48CE040C-6715-4630-891F-84F47BD96CA4}.Debug Personal|ARM.ActiveCfg = Debug|Any CPU
		{48CE040C-6715-4630-891F-84F47BD96CA4}.Debug Personal|x64.ActiveCfg = Debug|Any CPU
		{48CE040C-6715-4630-891F-84F47BD96CA4}.Debug Personal|x86.ActiveCfg = Debug|Any CPU
		{48CE040C-6715-4630-891F-84F47BD96CA4}.Debug|Any CPU.ActiveCfg = Debug|Any CPU
		{48CE040C-6715-4630-891F-84F47BD96CA4}.Debug|Any CPU.Build.0 = Debug|Any CPU
		{48CE040C-6715-4630-891F-84F47BD96CA4}.Debug|ARM.ActiveCfg = Debug|Any CPU
		{48CE040C-6715-4630-891F-84F47BD96CA4}.Debug|x64.ActiveCfg = Debug|Any CPU
		{48CE040C-6715-4630-891F-84F47BD96CA4}.Debug|x86.ActiveCfg = Debug|Any CPU
		{48CE040C-6715-4630-891F-84F47BD96CA4}.Release Personal|Any CPU.ActiveCfg = Release Personal|Any CPU
		{48CE040C-6715-4630-891F-84F47BD96CA4}.Release Personal|Any CPU.Build.0 = Release Personal|Any CPU
		{48CE040C-6715-4630-891F-84F47BD96CA4}.Release Personal|ARM.ActiveCfg = Release|Any CPU
		{48CE040C-6715-4630-891F-84F47BD96CA4}.Release Personal|x64.ActiveCfg = Release|Any CPU
		{48CE040C-6715-4630-891F-84F47BD96CA4}.Release Personal|x86.ActiveCfg = Release|Any CPU
		{48CE040C-6715-4630-891F-84F47BD96CA4}.Release|Any CPU.ActiveCfg = Release|Any CPU
		{48CE040C-6715-4630-891F-84F47BD96CA4}.Release|Any CPU.Build.0 = Release|Any CPU
		{48CE040C-6715-4630-891F-84F47BD96CA4}.Release|ARM.ActiveCfg = Release|Any CPU
		{48CE040C-6715-4630-891F-84F47BD96CA4}.Release|x64.ActiveCfg = Release|Any CPU
		{48CE040C-6715-4630-891F-84F47BD96CA4}.Release|x86.ActiveCfg = Release|Any CPU
		{A28A5353-AFBB-4F9E-A1AA-1C9B49523028}.Debug Personal|Any CPU.ActiveCfg = Debug Personal|Any CPU
		{A28A5353-AFBB-4F9E-A1AA-1C9B49523028}.Debug Personal|Any CPU.Build.0 = Debug Personal|Any CPU
		{A28A5353-AFBB-4F9E-A1AA-1C9B49523028}.Debug Personal|ARM.ActiveCfg = Debug|Any CPU
		{A28A5353-AFBB-4F9E-A1AA-1C9B49523028}.Debug Personal|x64.ActiveCfg = Debug|Any CPU
		{A28A5353-AFBB-4F9E-A1AA-1C9B49523028}.Debug Personal|x86.ActiveCfg = Debug|Any CPU
		{A28A5353-AFBB-4F9E-A1AA-1C9B49523028}.Debug|Any CPU.ActiveCfg = Debug|Any CPU
		{A28A5353-AFBB-4F9E-A1AA-1C9B49523028}.Debug|Any CPU.Build.0 = Debug|Any CPU
		{A28A5353-AFBB-4F9E-A1AA-1C9B49523028}.Debug|ARM.ActiveCfg = Debug|Any CPU
		{A28A5353-AFBB-4F9E-A1AA-1C9B49523028}.Debug|x64.ActiveCfg = Debug|Any CPU
		{A28A5353-AFBB-4F9E-A1AA-1C9B49523028}.Debug|x86.ActiveCfg = Debug|Any CPU
		{A28A5353-AFBB-4F9E-A1AA-1C9B49523028}.Release Personal|Any CPU.ActiveCfg = Release Personal|Any CPU
		{A28A5353-AFBB-4F9E-A1AA-1C9B49523028}.Release Personal|Any CPU.Build.0 = Release Personal|Any CPU
		{A28A5353-AFBB-4F9E-A1AA-1C9B49523028}.Release Personal|ARM.ActiveCfg = Release|Any CPU
		{A28A5353-AFBB-4F9E-A1AA-1C9B49523028}.Release Personal|x64.ActiveCfg = Release|Any CPU
		{A28A5353-AFBB-4F9E-A1AA-1C9B49523028}.Release Personal|x86.ActiveCfg = Release|Any CPU
		{A28A5353-AFBB-4F9E-A1AA-1C9B49523028}.Release|Any CPU.ActiveCfg = Release|Any CPU
		{A28A5353-AFBB-4F9E-A1AA-1C9B49523028}.Release|Any CPU.Build.0 = Release|Any CPU
		{A28A5353-AFBB-4F9E-A1AA-1C9B49523028}.Release|ARM.ActiveCfg = Release|Any CPU
		{A28A5353-AFBB-4F9E-A1AA-1C9B49523028}.Release|x64.ActiveCfg = Release|Any CPU
		{A28A5353-AFBB-4F9E-A1AA-1C9B49523028}.Release|x86.ActiveCfg = Release|Any CPU
		{D2C8145E-8508-40BA-9828-175D5B1EFABE}.Debug Personal|Any CPU.ActiveCfg = Debug Personal|Any CPU
		{D2C8145E-8508-40BA-9828-175D5B1EFABE}.Debug Personal|Any CPU.Build.0 = Debug Personal|Any CPU
		{D2C8145E-8508-40BA-9828-175D5B1EFABE}.Debug Personal|Any CPU.Deploy.0 = Debug Personal|Any CPU
		{D2C8145E-8508-40BA-9828-175D5B1EFABE}.Debug Personal|ARM.ActiveCfg = Debug|Any CPU
		{D2C8145E-8508-40BA-9828-175D5B1EFABE}.Debug Personal|x64.ActiveCfg = Debug|Any CPU
		{D2C8145E-8508-40BA-9828-175D5B1EFABE}.Debug Personal|x86.ActiveCfg = Debug|Any CPU
		{D2C8145E-8508-40BA-9828-175D5B1EFABE}.Debug|Any CPU.ActiveCfg = Debug|Any CPU
		{D2C8145E-8508-40BA-9828-175D5B1EFABE}.Debug|Any CPU.Build.0 = Debug|Any CPU
		{D2C8145E-8508-40BA-9828-175D5B1EFABE}.Debug|ARM.ActiveCfg = Debug|Any CPU
		{D2C8145E-8508-40BA-9828-175D5B1EFABE}.Debug|x64.ActiveCfg = Debug|Any CPU
		{D2C8145E-8508-40BA-9828-175D5B1EFABE}.Debug|x86.ActiveCfg = Debug|Any CPU
		{D2C8145E-8508-40BA-9828-175D5B1EFABE}.Release Personal|Any CPU.ActiveCfg = Release Personal|Any CPU
		{D2C8145E-8508-40BA-9828-175D5B1EFABE}.Release Personal|Any CPU.Build.0 = Release Personal|Any CPU
		{D2C8145E-8508-40BA-9828-175D5B1EFABE}.Release Personal|Any CPU.Deploy.0 = Release Personal|Any CPU
		{D2C8145E-8508-40BA-9828-175D5B1EFABE}.Release Personal|ARM.ActiveCfg = Release|Any CPU
		{D2C8145E-8508-40BA-9828-175D5B1EFABE}.Release Personal|x64.ActiveCfg = Release|Any CPU
		{D2C8145E-8508-40BA-9828-175D5B1EFABE}.Release Personal|x86.ActiveCfg = Release|Any CPU
		{D2C8145E-8508-40BA-9828-175D5B1EFABE}.Release|Any CPU.ActiveCfg = Release|Any CPU
		{D2C8145E-8508-40BA-9828-175D5B1EFABE}.Release|Any CPU.Build.0 = Release|Any CPU
		{D2C8145E-8508-40BA-9828-175D5B1EFABE}.Release|Any CPU.Deploy.0 = Release|Any CPU
		{D2C8145E-8508-40BA-9828-175D5B1EFABE}.Release|ARM.ActiveCfg = Release|Any CPU
		{D2C8145E-8508-40BA-9828-175D5B1EFABE}.Release|x64.ActiveCfg = Release|Any CPU
		{D2C8145E-8508-40BA-9828-175D5B1EFABE}.Release|x86.ActiveCfg = Release|Any CPU
		{46BA9DE0-E6BC-4793-8414-49EC2C1C656B}.Debug Personal|Any CPU.ActiveCfg = Debug|Any CPU
		{46BA9DE0-E6BC-4793-8414-49EC2C1C656B}.Debug Personal|Any CPU.Build.0 = Debug|Any CPU
		{46BA9DE0-E6BC-4793-8414-49EC2C1C656B}.Debug Personal|ARM.ActiveCfg = Debug|Any CPU
		{46BA9DE0-E6BC-4793-8414-49EC2C1C656B}.Debug Personal|x64.ActiveCfg = Debug|Any CPU
		{46BA9DE0-E6BC-4793-8414-49EC2C1C656B}.Debug Personal|x86.ActiveCfg = Debug|Any CPU
		{46BA9DE0-E6BC-4793-8414-49EC2C1C656B}.Debug|Any CPU.ActiveCfg = Debug|Any CPU
		{46BA9DE0-E6BC-4793-8414-49EC2C1C656B}.Debug|Any CPU.Build.0 = Debug|Any CPU
		{46BA9DE0-E6BC-4793-8414-49EC2C1C656B}.Debug|ARM.ActiveCfg = Debug|Any CPU
		{46BA9DE0-E6BC-4793-8414-49EC2C1C656B}.Debug|x64.ActiveCfg = Debug|Any CPU
		{46BA9DE0-E6BC-4793-8414-49EC2C1C656B}.Debug|x86.ActiveCfg = Debug|Any CPU
		{46BA9DE0-E6BC-4793-8414-49EC2C1C656B}.Release Personal|Any CPU.ActiveCfg = Release|Any CPU
		{46BA9DE0-E6BC-4793-8414-49EC2C1C656B}.Release Personal|Any CPU.Build.0 = Release|Any CPU
		{46BA9DE0-E6BC-4793-8414-49EC2C1C656B}.Release Personal|ARM.ActiveCfg = Release|Any CPU
		{46BA9DE0-E6BC-4793-8414-49EC2C1C656B}.Release Personal|x64.ActiveCfg = Release|Any CPU
		{46BA9DE0-E6BC-4793-8414-49EC2C1C656B}.Release Personal|x86.ActiveCfg = Release|Any CPU
		{46BA9DE0-E6BC-4793-8414-49EC2C1C656B}.Release|Any CPU.ActiveCfg = Release|Any CPU
		{46BA9DE0-E6BC-4793-8414-49EC2C1C656B}.Release|Any CPU.Build.0 = Release|Any CPU
		{46BA9DE0-E6BC-4793-8414-49EC2C1C656B}.Release|ARM.ActiveCfg = Release|Any CPU
		{46BA9DE0-E6BC-4793-8414-49EC2C1C656B}.Release|x64.ActiveCfg = Release|Any CPU
		{46BA9DE0-E6BC-4793-8414-49EC2C1C656B}.Release|x86.ActiveCfg = Release|Any CPU
		{3EE5E38D-6925-4986-A255-E5CBEAEF1F1E}.Debug Personal|Any CPU.ActiveCfg = Debug Personal|Any CPU
		{3EE5E38D-6925-4986-A255-E5CBEAEF1F1E}.Debug Personal|Any CPU.Build.0 = Debug Personal|Any CPU
		{3EE5E38D-6925-4986-A255-E5CBEAEF1F1E}.Debug Personal|ARM.ActiveCfg = Debug|Any CPU
		{3EE5E38D-6925-4986-A255-E5CBEAEF1F1E}.Debug Personal|x64.ActiveCfg = Debug|Any CPU
		{3EE5E38D-6925-4986-A255-E5CBEAEF1F1E}.Debug Personal|x86.ActiveCfg = Debug|Any CPU
		{3EE5E38D-6925-4986-A255-E5CBEAEF1F1E}.Debug|Any CPU.ActiveCfg = Debug|Any CPU
		{3EE5E38D-6925-4986-A255-E5CBEAEF1F1E}.Debug|Any CPU.Build.0 = Debug|Any CPU
		{3EE5E38D-6925-4986-A255-E5CBEAEF1F1E}.Debug|ARM.ActiveCfg = Debug|Any CPU
		{3EE5E38D-6925-4986-A255-E5CBEAEF1F1E}.Debug|x64.ActiveCfg = Debug|Any CPU
		{3EE5E38D-6925-4986-A255-E5CBEAEF1F1E}.Debug|x86.ActiveCfg = Debug|Any CPU
		{3EE5E38D-6925-4986-A255-E5CBEAEF1F1E}.Release Personal|Any CPU.ActiveCfg = Release Personal|Any CPU
		{3EE5E38D-6925-4986-A255-E5CBEAEF1F1E}.Release Personal|Any CPU.Build.0 = Release Personal|Any CPU
		{3EE5E38D-6925-4986-A255-E5CBEAEF1F1E}.Release Personal|ARM.ActiveCfg = Release|Any CPU
		{3EE5E38D-6925-4986-A255-E5CBEAEF1F1E}.Release Personal|x64.ActiveCfg = Release|Any CPU
		{3EE5E38D-6925-4986-A255-E5CBEAEF1F1E}.Release Personal|x86.ActiveCfg = Release|Any CPU
		{3EE5E38D-6925-4986-A255-E5CBEAEF1F1E}.Release|Any CPU.ActiveCfg = Release|Any CPU
		{3EE5E38D-6925-4986-A255-E5CBEAEF1F1E}.Release|Any CPU.Build.0 = Release|Any CPU
		{3EE5E38D-6925-4986-A255-E5CBEAEF1F1E}.Release|ARM.ActiveCfg = Release|Any CPU
		{3EE5E38D-6925-4986-A255-E5CBEAEF1F1E}.Release|x64.ActiveCfg = Release|Any CPU
		{3EE5E38D-6925-4986-A255-E5CBEAEF1F1E}.Release|x86.ActiveCfg = Release|Any CPU
		{75A3873F-015F-4784-B6A6-8A4484FBE48D}.Debug Personal|Any CPU.ActiveCfg = Debug Personal|Any CPU
		{75A3873F-015F-4784-B6A6-8A4484FBE48D}.Debug Personal|Any CPU.Build.0 = Debug Personal|Any CPU
		{75A3873F-015F-4784-B6A6-8A4484FBE48D}.Debug Personal|ARM.ActiveCfg = Debug|Any CPU
		{75A3873F-015F-4784-B6A6-8A4484FBE48D}.Debug Personal|x64.ActiveCfg = Debug|Any CPU
		{75A3873F-015F-4784-B6A6-8A4484FBE48D}.Debug Personal|x86.ActiveCfg = Debug|Any CPU
		{75A3873F-015F-4784-B6A6-8A4484FBE48D}.Debug|Any CPU.ActiveCfg = Debug|Any CPU
		{75A3873F-015F-4784-B6A6-8A4484FBE48D}.Debug|Any CPU.Build.0 = Debug|Any CPU
		{75A3873F-015F-4784-B6A6-8A4484FBE48D}.Debug|ARM.ActiveCfg = Debug|Any CPU
		{75A3873F-015F-4784-B6A6-8A4484FBE48D}.Debug|x64.ActiveCfg = Debug|Any CPU
		{75A3873F-015F-4784-B6A6-8A4484FBE48D}.Debug|x86.ActiveCfg = Debug|Any CPU
		{75A3873F-015F-4784-B6A6-8A4484FBE48D}.Release Personal|Any CPU.ActiveCfg = Release Personal|Any CPU
		{75A3873F-015F-4784-B6A6-8A4484FBE48D}.Release Personal|Any CPU.Build.0 = Release Personal|Any CPU
		{75A3873F-015F-4784-B6A6-8A4484FBE48D}.Release Personal|ARM.ActiveCfg = Release|Any CPU
		{75A3873F-015F-4784-B6A6-8A4484FBE48D}.Release Personal|x64.ActiveCfg = Release|Any CPU
		{75A3873F-015F-4784-B6A6-8A4484FBE48D}.Release Personal|x86.ActiveCfg = Release|Any CPU
		{75A3873F-015F-4784-B6A6-8A4484FBE48D}.Release|Any CPU.ActiveCfg = Release|Any CPU
		{75A3873F-015F-4784-B6A6-8A4484FBE48D}.Release|Any CPU.Build.0 = Release|Any CPU
		{75A3873F-015F-4784-B6A6-8A4484FBE48D}.Release|ARM.ActiveCfg = Release|Any CPU
		{75A3873F-015F-4784-B6A6-8A4484FBE48D}.Release|x64.ActiveCfg = Release|Any CPU
		{75A3873F-015F-4784-B6A6-8A4484FBE48D}.Release|x86.ActiveCfg = Release|Any CPU
		{398C5803-9390-4C89-AD1C-2EA4D1E94482}.Debug Personal|Any CPU.ActiveCfg = Debug|Any CPU
		{398C5803-9390-4C89-AD1C-2EA4D1E94482}.Debug Personal|Any CPU.Build.0 = Debug|Any CPU
		{398C5803-9390-4C89-AD1C-2EA4D1E94482}.Debug Personal|Any CPU.Deploy.0 = Debug|Any CPU
		{398C5803-9390-4C89-AD1C-2EA4D1E94482}.Debug Personal|ARM.ActiveCfg = Debug|ARM
		{398C5803-9390-4C89-AD1C-2EA4D1E94482}.Debug Personal|ARM.Build.0 = Debug|ARM
		{398C5803-9390-4C89-AD1C-2EA4D1E94482}.Debug Personal|ARM.Deploy.0 = Debug|ARM
		{398C5803-9390-4C89-AD1C-2EA4D1E94482}.Debug Personal|x64.ActiveCfg = Debug|Any CPU
		{398C5803-9390-4C89-AD1C-2EA4D1E94482}.Debug Personal|x86.ActiveCfg = Debug|x86
		{398C5803-9390-4C89-AD1C-2EA4D1E94482}.Debug Personal|x86.Build.0 = Debug|x86
		{398C5803-9390-4C89-AD1C-2EA4D1E94482}.Debug Personal|x86.Deploy.0 = Debug|x86
		{398C5803-9390-4C89-AD1C-2EA4D1E94482}.Debug|Any CPU.ActiveCfg = Debug|Any CPU
		{398C5803-9390-4C89-AD1C-2EA4D1E94482}.Debug|Any CPU.Build.0 = Debug|Any CPU
		{398C5803-9390-4C89-AD1C-2EA4D1E94482}.Debug|Any CPU.Deploy.0 = Debug|Any CPU
		{398C5803-9390-4C89-AD1C-2EA4D1E94482}.Debug|ARM.ActiveCfg = Debug|ARM
		{398C5803-9390-4C89-AD1C-2EA4D1E94482}.Debug|ARM.Build.0 = Debug|ARM
		{398C5803-9390-4C89-AD1C-2EA4D1E94482}.Debug|ARM.Deploy.0 = Debug|ARM
		{398C5803-9390-4C89-AD1C-2EA4D1E94482}.Debug|x64.ActiveCfg = Debug|Any CPU
		{398C5803-9390-4C89-AD1C-2EA4D1E94482}.Debug|x86.ActiveCfg = Debug|x86
		{398C5803-9390-4C89-AD1C-2EA4D1E94482}.Debug|x86.Build.0 = Debug|x86
		{398C5803-9390-4C89-AD1C-2EA4D1E94482}.Debug|x86.Deploy.0 = Debug|x86
		{398C5803-9390-4C89-AD1C-2EA4D1E94482}.Release Personal|Any CPU.ActiveCfg = Release|Any CPU
		{398C5803-9390-4C89-AD1C-2EA4D1E94482}.Release Personal|Any CPU.Build.0 = Release|Any CPU
		{398C5803-9390-4C89-AD1C-2EA4D1E94482}.Release Personal|Any CPU.Deploy.0 = Release|Any CPU
		{398C5803-9390-4C89-AD1C-2EA4D1E94482}.Release Personal|ARM.ActiveCfg = Release|ARM
		{398C5803-9390-4C89-AD1C-2EA4D1E94482}.Release Personal|ARM.Build.0 = Release|ARM
		{398C5803-9390-4C89-AD1C-2EA4D1E94482}.Release Personal|ARM.Deploy.0 = Release|ARM
		{398C5803-9390-4C89-AD1C-2EA4D1E94482}.Release Personal|x64.ActiveCfg = Release|Any CPU
		{398C5803-9390-4C89-AD1C-2EA4D1E94482}.Release Personal|x86.ActiveCfg = Release|x86
		{398C5803-9390-4C89-AD1C-2EA4D1E94482}.Release Personal|x86.Build.0 = Release|x86
		{398C5803-9390-4C89-AD1C-2EA4D1E94482}.Release Personal|x86.Deploy.0 = Release|x86
		{398C5803-9390-4C89-AD1C-2EA4D1E94482}.Release|Any CPU.ActiveCfg = Release|Any CPU
		{398C5803-9390-4C89-AD1C-2EA4D1E94482}.Release|Any CPU.Build.0 = Release|Any CPU
		{398C5803-9390-4C89-AD1C-2EA4D1E94482}.Release|Any CPU.Deploy.0 = Release|Any CPU
		{398C5803-9390-4C89-AD1C-2EA4D1E94482}.Release|ARM.ActiveCfg = Release|ARM
		{398C5803-9390-4C89-AD1C-2EA4D1E94482}.Release|ARM.Build.0 = Release|ARM
		{398C5803-9390-4C89-AD1C-2EA4D1E94482}.Release|ARM.Deploy.0 = Release|ARM
		{398C5803-9390-4C89-AD1C-2EA4D1E94482}.Release|x64.ActiveCfg = Release|Any CPU
		{398C5803-9390-4C89-AD1C-2EA4D1E94482}.Release|x86.ActiveCfg = Release|x86
		{398C5803-9390-4C89-AD1C-2EA4D1E94482}.Release|x86.Build.0 = Release|x86
		{398C5803-9390-4C89-AD1C-2EA4D1E94482}.Release|x86.Deploy.0 = Release|x86
		{6FD9D4E2-2279-46A1-B868-D34D3F8FC586}.Debug Personal|Any CPU.ActiveCfg = Debug|Any CPU
		{6FD9D4E2-2279-46A1-B868-D34D3F8FC586}.Debug Personal|Any CPU.Build.0 = Debug|Any CPU
		{6FD9D4E2-2279-46A1-B868-D34D3F8FC586}.Debug Personal|ARM.ActiveCfg = Debug|ARM
		{6FD9D4E2-2279-46A1-B868-D34D3F8FC586}.Debug Personal|ARM.Build.0 = Debug|ARM
		{6FD9D4E2-2279-46A1-B868-D34D3F8FC586}.Debug Personal|x64.ActiveCfg = Debug|Any CPU
		{6FD9D4E2-2279-46A1-B868-D34D3F8FC586}.Debug Personal|x86.ActiveCfg = Debug|x86
		{6FD9D4E2-2279-46A1-B868-D34D3F8FC586}.Debug Personal|x86.Build.0 = Debug|x86
		{6FD9D4E2-2279-46A1-B868-D34D3F8FC586}.Debug|Any CPU.ActiveCfg = Debug|Any CPU
		{6FD9D4E2-2279-46A1-B868-D34D3F8FC586}.Debug|Any CPU.Build.0 = Debug|Any CPU
		{6FD9D4E2-2279-46A1-B868-D34D3F8FC586}.Debug|ARM.ActiveCfg = Debug|ARM
		{6FD9D4E2-2279-46A1-B868-D34D3F8FC586}.Debug|ARM.Build.0 = Debug|ARM
		{6FD9D4E2-2279-46A1-B868-D34D3F8FC586}.Debug|x64.ActiveCfg = Debug|Any CPU
		{6FD9D4E2-2279-46A1-B868-D34D3F8FC586}.Debug|x86.ActiveCfg = Debug|x86
		{6FD9D4E2-2279-46A1-B868-D34D3F8FC586}.Debug|x86.Build.0 = Debug|x86
		{6FD9D4E2-2279-46A1-B868-D34D3F8FC586}.Release Personal|Any CPU.ActiveCfg = Release|Any CPU
		{6FD9D4E2-2279-46A1-B868-D34D3F8FC586}.Release Personal|Any CPU.Build.0 = Release|Any CPU
		{6FD9D4E2-2279-46A1-B868-D34D3F8FC586}.Release Personal|ARM.ActiveCfg = Release|ARM
		{6FD9D4E2-2279-46A1-B868-D34D3F8FC586}.Release Personal|ARM.Build.0 = Release|ARM
		{6FD9D4E2-2279-46A1-B868-D34D3F8FC586}.Release Personal|x64.ActiveCfg = Release|Any CPU
		{6FD9D4E2-2279-46A1-B868-D34D3F8FC586}.Release Personal|x86.ActiveCfg = Release|x86
		{6FD9D4E2-2279-46A1-B868-D34D3F8FC586}.Release Personal|x86.Build.0 = Release|x86
		{6FD9D4E2-2279-46A1-B868-D34D3F8FC586}.Release|Any CPU.ActiveCfg = Release|Any CPU
		{6FD9D4E2-2279-46A1-B868-D34D3F8FC586}.Release|Any CPU.Build.0 = Release|Any CPU
		{6FD9D4E2-2279-46A1-B868-D34D3F8FC586}.Release|ARM.ActiveCfg = Release|ARM
		{6FD9D4E2-2279-46A1-B868-D34D3F8FC586}.Release|ARM.Build.0 = Release|ARM
		{6FD9D4E2-2279-46A1-B868-D34D3F8FC586}.Release|x64.ActiveCfg = Release|Any CPU
		{6FD9D4E2-2279-46A1-B868-D34D3F8FC586}.Release|x86.ActiveCfg = Release|x86
		{6FD9D4E2-2279-46A1-B868-D34D3F8FC586}.Release|x86.Build.0 = Release|x86
		{99695E85-72FA-441A-AFD4-C9B9981F77F6}.Debug Personal|Any CPU.ActiveCfg = Debug|Any CPU
		{99695E85-72FA-441A-AFD4-C9B9981F77F6}.Debug Personal|Any CPU.Build.0 = Debug|Any CPU
		{99695E85-72FA-441A-AFD4-C9B9981F77F6}.Debug Personal|Any CPU.Deploy.0 = Debug|Any CPU
		{99695E85-72FA-441A-AFD4-C9B9981F77F6}.Debug Personal|ARM.ActiveCfg = Debug|ARM
		{99695E85-72FA-441A-AFD4-C9B9981F77F6}.Debug Personal|ARM.Build.0 = Debug|ARM
		{99695E85-72FA-441A-AFD4-C9B9981F77F6}.Debug Personal|ARM.Deploy.0 = Debug|ARM
		{99695E85-72FA-441A-AFD4-C9B9981F77F6}.Debug Personal|x64.ActiveCfg = Debug|x64
		{99695E85-72FA-441A-AFD4-C9B9981F77F6}.Debug Personal|x64.Build.0 = Debug|x64
		{99695E85-72FA-441A-AFD4-C9B9981F77F6}.Debug Personal|x64.Deploy.0 = Debug|x64
		{99695E85-72FA-441A-AFD4-C9B9981F77F6}.Debug Personal|x86.ActiveCfg = Debug|x86
		{99695E85-72FA-441A-AFD4-C9B9981F77F6}.Debug Personal|x86.Build.0 = Debug|x86
		{99695E85-72FA-441A-AFD4-C9B9981F77F6}.Debug Personal|x86.Deploy.0 = Debug|x86
		{99695E85-72FA-441A-AFD4-C9B9981F77F6}.Debug|Any CPU.ActiveCfg = Debug|Any CPU
		{99695E85-72FA-441A-AFD4-C9B9981F77F6}.Debug|Any CPU.Build.0 = Debug|Any CPU
		{99695E85-72FA-441A-AFD4-C9B9981F77F6}.Debug|Any CPU.Deploy.0 = Debug|Any CPU
		{99695E85-72FA-441A-AFD4-C9B9981F77F6}.Debug|ARM.ActiveCfg = Debug|ARM
		{99695E85-72FA-441A-AFD4-C9B9981F77F6}.Debug|ARM.Build.0 = Debug|ARM
		{99695E85-72FA-441A-AFD4-C9B9981F77F6}.Debug|ARM.Deploy.0 = Debug|ARM
		{99695E85-72FA-441A-AFD4-C9B9981F77F6}.Debug|x64.ActiveCfg = Debug|x64
		{99695E85-72FA-441A-AFD4-C9B9981F77F6}.Debug|x64.Build.0 = Debug|x64
		{99695E85-72FA-441A-AFD4-C9B9981F77F6}.Debug|x64.Deploy.0 = Debug|x64
		{99695E85-72FA-441A-AFD4-C9B9981F77F6}.Debug|x86.ActiveCfg = Debug|x86
		{99695E85-72FA-441A-AFD4-C9B9981F77F6}.Debug|x86.Build.0 = Debug|x86
		{99695E85-72FA-441A-AFD4-C9B9981F77F6}.Debug|x86.Deploy.0 = Debug|x86
		{99695E85-72FA-441A-AFD4-C9B9981F77F6}.Release Personal|Any CPU.ActiveCfg = Release|Any CPU
		{99695E85-72FA-441A-AFD4-C9B9981F77F6}.Release Personal|Any CPU.Build.0 = Release|Any CPU
		{99695E85-72FA-441A-AFD4-C9B9981F77F6}.Release Personal|Any CPU.Deploy.0 = Release|Any CPU
		{99695E85-72FA-441A-AFD4-C9B9981F77F6}.Release Personal|ARM.ActiveCfg = Release|ARM
		{99695E85-72FA-441A-AFD4-C9B9981F77F6}.Release Personal|ARM.Build.0 = Release|ARM
		{99695E85-72FA-441A-AFD4-C9B9981F77F6}.Release Personal|ARM.Deploy.0 = Release|ARM
		{99695E85-72FA-441A-AFD4-C9B9981F77F6}.Release Personal|x64.ActiveCfg = Release|x64
		{99695E85-72FA-441A-AFD4-C9B9981F77F6}.Release Personal|x64.Build.0 = Release|x64
		{99695E85-72FA-441A-AFD4-C9B9981F77F6}.Release Personal|x64.Deploy.0 = Release|x64
		{99695E85-72FA-441A-AFD4-C9B9981F77F6}.Release Personal|x86.ActiveCfg = Release|x86
		{99695E85-72FA-441A-AFD4-C9B9981F77F6}.Release Personal|x86.Build.0 = Release|x86
		{99695E85-72FA-441A-AFD4-C9B9981F77F6}.Release Personal|x86.Deploy.0 = Release|x86
		{99695E85-72FA-441A-AFD4-C9B9981F77F6}.Release|Any CPU.ActiveCfg = Release|Any CPU
		{99695E85-72FA-441A-AFD4-C9B9981F77F6}.Release|Any CPU.Build.0 = Release|Any CPU
		{99695E85-72FA-441A-AFD4-C9B9981F77F6}.Release|Any CPU.Deploy.0 = Release|Any CPU
		{99695E85-72FA-441A-AFD4-C9B9981F77F6}.Release|ARM.ActiveCfg = Release|ARM
		{99695E85-72FA-441A-AFD4-C9B9981F77F6}.Release|ARM.Build.0 = Release|ARM
		{99695E85-72FA-441A-AFD4-C9B9981F77F6}.Release|ARM.Deploy.0 = Release|ARM
		{99695E85-72FA-441A-AFD4-C9B9981F77F6}.Release|x64.ActiveCfg = Release|x64
		{99695E85-72FA-441A-AFD4-C9B9981F77F6}.Release|x64.Build.0 = Release|x64
		{99695E85-72FA-441A-AFD4-C9B9981F77F6}.Release|x64.Deploy.0 = Release|x64
		{99695E85-72FA-441A-AFD4-C9B9981F77F6}.Release|x86.ActiveCfg = Release|x86
		{99695E85-72FA-441A-AFD4-C9B9981F77F6}.Release|x86.Build.0 = Release|x86
		{99695E85-72FA-441A-AFD4-C9B9981F77F6}.Release|x86.Deploy.0 = Release|x86
	EndGlobalSection
	GlobalSection(SolutionProperties) = preSolution
		HideSolutionNode = FALSE
	EndGlobalSection
	GlobalSection(NestedProjects) = preSolution
		{48CE040C-6715-4630-891F-84F47BD96CA4} = {60EBF5F2-8FB9-4DDC-B2B8-1182B8F0B36B}
		{A28A5353-AFBB-4F9E-A1AA-1C9B49523028} = {60EBF5F2-8FB9-4DDC-B2B8-1182B8F0B36B}
		{30980837-9EE1-4301-A1A1-B4673D4179ED} = {A46903F1-8979-4FB5-B89D-76D5DFACFCA4}
		{3EE5E38D-6925-4986-A255-E5CBEAEF1F1E} = {A46903F1-8979-4FB5-B89D-76D5DFACFCA4}
		{75A3873F-015F-4784-B6A6-8A4484FBE48D} = {A46903F1-8979-4FB5-B89D-76D5DFACFCA4}
		{CE0D3970-12A2-41E8-ABA4-B67C2F5C848F} = {A46903F1-8979-4FB5-B89D-76D5DFACFCA4}
		{D2C8145E-8508-40BA-9828-175D5B1EFABE} = {30980837-9EE1-4301-A1A1-B4673D4179ED}
		{46BA9DE0-E6BC-4793-8414-49EC2C1C656B} = {30980837-9EE1-4301-A1A1-B4673D4179ED}
		{398C5803-9390-4C89-AD1C-2EA4D1E94482} = {CE0D3970-12A2-41E8-ABA4-B67C2F5C848F}
		{6FD9D4E2-2279-46A1-B868-D34D3F8FC586} = {CE0D3970-12A2-41E8-ABA4-B67C2F5C848F}
		{99695E85-72FA-441A-AFD4-C9B9981F77F6} = {74D8F651-50AA-41B3-884B-BA9BD0437ED2}
	EndGlobalSection
	GlobalSection(MonoDevelopProperties) = preSolution
		StartupItem = Shane.Church.WhatIEat.Core\Shane.Church.WhatIEat.Core.csproj
	EndGlobalSection
EndGlobal
